
Microsoft Visual Studio Solution File, Format Version 12.00
# Visual Studio Version 17
VisualStudioVersion = 17.0.31912.275
MinimumVisualStudioVersion = 10.0.40219.1
Project("{9A19103F-16F7-4668-BE54-9A1E7A4F7556}") = "isles", "src\isles\isles.csproj", "{23F408E0-D6E0-41C6-94C7-C64A7CB373A3}"
EndProject
Project("{9A19103F-16F7-4668-BE54-9A1E7A4F7556}") = "FNA.Core", "extern\FNA\FNA.Core.csproj", "{35253CE1-C864-4CD3-8249-4D1319748E8F}"
EndProject
Project("{2150E333-8FDC-42A3-9474-1A3956D46DE8}") = "tests", "tests", "{6A8FB7D2-C38D-4953-8CFE-67BDF5906A17}"
EndProject
Project("{9A19103F-16F7-4668-BE54-9A1E7A4F7556}") = "isles.core.tests", "tests\isles.core.tests\isles.core.tests.csproj", "{2BD814BE-90FC-440A-BC40-A07395938896}"
EndProject
Project("{2150E333-8FDC-42A3-9474-1A3956D46DE8}") = "src", "src", "{D31A5CF7-0DEB-43D9-9C1D-5A491FDB718E}"
EndProject
Project("{2150E333-8FDC-42A3-9474-1A3956D46DE8}") = "extern", "extern", "{FF07596E-C13F-41CB-9913-1E31DBF9E291}"
EndProject
Project("{9A19103F-16F7-4668-BE54-9A1E7A4F7556}") = "isles.core", "src\isles.core\isles.core.csproj", "{2C5440C6-E5F0-4F1A-B06E-B815FDE2E9B9}"
EndProject
Project("{9A19103F-16F7-4668-BE54-9A1E7A4F7556}") = "isles.sandbox", "tests\isles.sandbox\isles.sandbox.csproj", "{6710C501-F765-47FC-9DEA-6388DD0E3648}"
EndProject
Project("{9A19103F-16F7-4668-BE54-9A1E7A4F7556}") = "isles.graphics", "src\isles.graphics\isles.graphics.csproj", "{AC6BFF74-168B-453D-B682-4088E8C10CA9}"
EndProject
Global
	GlobalSection(SolutionConfigurationPlatforms) = preSolution
		Debug|Any CPU = Debug|Any CPU
		Debug|x64 = Debug|x64
		Release|Any CPU = Release|Any CPU
		Release|x64 = Release|x64
	EndGlobalSection
	GlobalSection(ProjectConfigurationPlatforms) = postSolution
		{23F408E0-D6E0-41C6-94C7-C64A7CB373A3}.Debug|Any CPU.ActiveCfg = Debug|x64
		{23F408E0-D6E0-41C6-94C7-C64A7CB373A3}.Debug|Any CPU.Build.0 = Debug|x64
		{23F408E0-D6E0-41C6-94C7-C64A7CB373A3}.Debug|x64.ActiveCfg = Debug|x64
		{23F408E0-D6E0-41C6-94C7-C64A7CB373A3}.Debug|x64.Build.0 = Debug|x64
		{23F408E0-D6E0-41C6-94C7-C64A7CB373A3}.Release|Any CPU.ActiveCfg = Release|x64
		{23F408E0-D6E0-41C6-94C7-C64A7CB373A3}.Release|Any CPU.Build.0 = Release|x64
		{23F408E0-D6E0-41C6-94C7-C64A7CB373A3}.Release|x64.ActiveCfg = Release|x64
		{23F408E0-D6E0-41C6-94C7-C64A7CB373A3}.Release|x64.Build.0 = Release|x64
		{35253CE1-C864-4CD3-8249-4D1319748E8F}.Debug|Any CPU.ActiveCfg = Debug|x64
		{35253CE1-C864-4CD3-8249-4D1319748E8F}.Debug|Any CPU.Build.0 = Debug|x64
		{35253CE1-C864-4CD3-8249-4D1319748E8F}.Debug|x64.ActiveCfg = Debug|x64
		{35253CE1-C864-4CD3-8249-4D1319748E8F}.Debug|x64.Build.0 = Debug|x64
		{35253CE1-C864-4CD3-8249-4D1319748E8F}.Release|Any CPU.ActiveCfg = Release|x64
		{35253CE1-C864-4CD3-8249-4D1319748E8F}.Release|Any CPU.Build.0 = Release|x64
		{35253CE1-C864-4CD3-8249-4D1319748E8F}.Release|x64.ActiveCfg = Release|x64
		{35253CE1-C864-4CD3-8249-4D1319748E8F}.Release|x64.Build.0 = Release|x64
		{2BD814BE-90FC-440A-BC40-A07395938896}.Debug|Any CPU.ActiveCfg = Debug|Any CPU
		{2BD814BE-90FC-440A-BC40-A07395938896}.Debug|Any CPU.Build.0 = Debug|Any CPU
		{2BD814BE-90FC-440A-BC40-A07395938896}.Debug|x64.ActiveCfg = Debug|Any CPU
		{2BD814BE-90FC-440A-BC40-A07395938896}.Debug|x64.Build.0 = Debug|Any CPU
		{2BD814BE-90FC-440A-BC40-A07395938896}.Release|Any CPU.ActiveCfg = Release|Any CPU
		{2BD814BE-90FC-440A-BC40-A07395938896}.Release|Any CPU.Build.0 = Release|Any CPU
		{2BD814BE-90FC-440A-BC40-A07395938896}.Release|x64.ActiveCfg = Release|Any CPU
		{2BD814BE-90FC-440A-BC40-A07395938896}.Release|x64.Build.0 = Release|Any CPU
		{2C5440C6-E5F0-4F1A-B06E-B815FDE2E9B9}.Debug|Any CPU.ActiveCfg = Debug|Any CPU
		{2C5440C6-E5F0-4F1A-B06E-B815FDE2E9B9}.Debug|Any CPU.Build.0 = Debug|Any CPU
		{2C5440C6-E5F0-4F1A-B06E-B815FDE2E9B9}.Debug|x64.ActiveCfg = Debug|Any CPU
		{2C5440C6-E5F0-4F1A-B06E-B815FDE2E9B9}.Debug|x64.Build.0 = Debug|Any CPU
		{2C5440C6-E5F0-4F1A-B06E-B815FDE2E9B9}.Release|Any CPU.ActiveCfg = Release|Any CPU
		{2C5440C6-E5F0-4F1A-B06E-B815FDE2E9B9}.Release|Any CPU.Build.0 = Release|Any CPU
		{2C5440C6-E5F0-4F1A-B06E-B815FDE2E9B9}.Release|x64.ActiveCfg = Release|Any CPU
		{2C5440C6-E5F0-4F1A-B06E-B815FDE2E9B9}.Release|x64.Build.0 = Release|Any CPU
		{6710C501-F765-47FC-9DEA-6388DD0E3648}.Debug|Any CPU.ActiveCfg = Debug|x64
		{6710C501-F765-47FC-9DEA-6388DD0E3648}.Debug|Any CPU.Build.0 = Debug|x64
		{6710C501-F765-47FC-9DEA-6388DD0E3648}.Debug|x64.ActiveCfg = Debug|x64
		{6710C501-F765-47FC-9DEA-6388DD0E3648}.Debug|x64.Build.0 = Debug|x64
		{6710C501-F765-47FC-9DEA-6388DD0E3648}.Release|Any CPU.ActiveCfg = Release|x64
		{6710C501-F765-47FC-9DEA-6388DD0E3648}.Release|Any CPU.Build.0 = Release|x64
		{6710C501-F765-47FC-9DEA-6388DD0E3648}.Release|x64.ActiveCfg = Release|x64
		{6710C501-F765-47FC-9DEA-6388DD0E3648}.Release|x64.Build.0 = Release|x64
		{AC6BFF74-168B-453D-B682-4088E8C10CA9}.Debug|Any CPU.ActiveCfg = Debug|Any CPU
		{AC6BFF74-168B-453D-B682-4088E8C10CA9}.Debug|Any CPU.Build.0 = Debug|Any CPU
		{AC6BFF74-168B-453D-B682-4088E8C10CA9}.Debug|x64.ActiveCfg = Debug|Any CPU
		{AC6BFF74-168B-453D-B682-4088E8C10CA9}.Debug|x64.Build.0 = Debug|Any CPU
		{AC6BFF74-168B-453D-B682-4088E8C10CA9}.Release|Any CPU.ActiveCfg = Release|Any CPU
		{AC6BFF74-168B-453D-B682-4088E8C10CA9}.Release|Any CPU.Build.0 = Release|Any CPU
		{AC6BFF74-168B-453D-B682-4088E8C10CA9}.Release|x64.ActiveCfg = Release|Any CPU
		{AC6BFF74-168B-453D-B682-4088E8C10CA9}.Release|x64.Build.0 = Release|Any CPU
	EndGlobalSection
	GlobalSection(SolutionProperties) = preSolution
		HideSolutionNode = FALSE
	EndGlobalSection
	GlobalSection(NestedProjects) = preSolution
		{23F408E0-D6E0-41C6-94C7-C64A7CB373A3} = {D31A5CF7-0DEB-43D9-9C1D-5A491FDB718E}
		{35253CE1-C864-4CD3-8249-4D1319748E8F} = {FF07596E-C13F-41CB-9913-1E31DBF9E291}
		{2BD814BE-90FC-440A-BC40-A07395938896} = {6A8FB7D2-C38D-4953-8CFE-67BDF5906A17}
		{2C5440C6-E5F0-4F1A-B06E-B815FDE2E9B9} = {D31A5CF7-0DEB-43D9-9C1D-5A491FDB718E}
		{6710C501-F765-47FC-9DEA-6388DD0E3648} = {6A8FB7D2-C38D-4953-8CFE-67BDF5906A17}
		{AC6BFF74-168B-453D-B682-4088E8C10CA9} = {D31A5CF7-0DEB-43D9-9C1D-5A491FDB718E}
	EndGlobalSection
	GlobalSection(ExtensibilityGlobals) = postSolution
		SolutionGuid = {23091511-C998-4EBF-A40E-14D97378F741}
	EndGlobalSection
EndGlobal
